
Microsoft Visual Studio Solution File, Format Version 12.00
# Visual Studio Version 16
VisualStudioVersion = 16.0.810.9
MinimumVisualStudioVersion = 10.0.40219.1
Project("{FAE04EC0-301F-11D3-BF4B-00C04F79EFBC}") = "ABetterWatchLaterAPI", "ABetterWatchLaterAPI.csproj", "{EE890FE9-7F09-463D-B1D3-D238B73FE82A}"
EndProject
Global
	GlobalSection(SolutionConfigurationPlatforms) = preSolution
		Debug|Any CPU = Debug|Any CPU
		Release|Any CPU = Release|Any CPU
	EndGlobalSection
	GlobalSection(ProjectConfigurationPlatforms) = postSolution
		{EE890FE9-7F09-463D-B1D3-D238B73FE82A}.Debug|Any CPU.ActiveCfg = Debug|Any CPU
		{EE890FE9-7F09-463D-B1D3-D238B73FE82A}.Debug|Any CPU.Build.0 = Debug|Any CPU
		{EE890FE9-7F09-463D-B1D3-D238B73FE82A}.Release|Any CPU.ActiveCfg = Release|Any CPU
		{EE890FE9-7F09-463D-B1D3-D238B73FE82A}.Release|Any CPU.Build.0 = Release|Any CPU
	EndGlobalSection
	GlobalSection(SolutionProperties) = preSolution
		HideSolutionNode = FALSE
	EndGlobalSection
	GlobalSection(ExtensibilityGlobals) = postSolution
		SolutionGuid = {52299735-B224-4DC4-A15E-ABB15158A5FB}
	EndGlobalSection
EndGlobal
